
Microsoft Visual Studio Solution File, Format Version 12.00
# Visual Studio Version 17
VisualStudioVersion = 17.4.33205.214
MinimumVisualStudioVersion = 10.0.40219.1
Project("{FAE04EC0-301F-11D3-BF4B-00C04F79EFBC}") = "WebApiAutores", "WebApiAutores\WebApiAutores.csproj", "{F23C0B38-F70F-4F14-8B83-C8E4739C41A1}"
EndProject
Global
	GlobalSection(SolutionConfigurationPlatforms) = preSolution
		Debug|Any CPU = Debug|Any CPU
		Release|Any CPU = Release|Any CPU
	EndGlobalSection
	GlobalSection(ProjectConfigurationPlatforms) = postSolution
		{F23C0B38-F70F-4F14-8B83-C8E4739C41A1}.Debug|Any CPU.ActiveCfg = Debug|Any CPU
		{F23C0B38-F70F-4F14-8B83-C8E4739C41A1}.Debug|Any CPU.Build.0 = Debug|Any CPU
		{F23C0B38-F70F-4F14-8B83-C8E4739C41A1}.Release|Any CPU.ActiveCfg = Release|Any CPU
		{F23C0B38-F70F-4F14-8B83-C8E4739C41A1}.Release|Any CPU.Build.0 = Release|Any CPU
	EndGlobalSection
	GlobalSection(SolutionProperties) = preSolution
		HideSolutionNode = FALSE
	EndGlobalSection
	GlobalSection(ExtensibilityGlobals) = postSolution
		SolutionGuid = {8EDE93BC-8870-4A5A-A4E7-16A5194EA755}
	EndGlobalSection
EndGlobal
